
Microsoft Visual Studio Solution File, Format Version 12.00
# Visual Studio 15
VisualStudioVersion = 15.0.28307.1062
MinimumVisualStudioVersion = 10.0.40219.1
Project("{FAE04EC0-301F-11D3-BF4B-00C04F79EFBC}") = "layuitest", "layuitest\layuitest.csproj", "{CEDF2A2F-0EE8-4693-A851-63FF35A6DE4E}"
EndProject
Global
	GlobalSection(SolutionConfigurationPlatforms) = preSolution
		Debug|Any CPU = Debug|Any CPU
		Release|Any CPU = Release|Any CPU
	EndGlobalSection
	GlobalSection(ProjectConfigurationPlatforms) = postSolution
		{CEDF2A2F-0EE8-4693-A851-63FF35A6DE4E}.Debug|Any CPU.ActiveCfg = Debug|Any CPU
		{CEDF2A2F-0EE8-4693-A851-63FF35A6DE4E}.Debug|Any CPU.Build.0 = Debug|Any CPU
		{CEDF2A2F-0EE8-4693-A851-63FF35A6DE4E}.Release|Any CPU.ActiveCfg = Release|Any CPU
		{CEDF2A2F-0EE8-4693-A851-63FF35A6DE4E}.Release|Any CPU.Build.0 = Release|Any CPU
	EndGlobalSection
	GlobalSection(SolutionProperties) = preSolution
		HideSolutionNode = FALSE
	EndGlobalSection
	GlobalSection(ExtensibilityGlobals) = postSolution
		SolutionGuid = {0F487C6A-75C9-4209-A8D4-07930DC3FFF1}
	EndGlobalSection
EndGlobal
